
Microsoft Visual Studio Solution File, Format Version 12.00
# Visual Studio Version 16
VisualStudioVersion = 16.0.30011.22
MinimumVisualStudioVersion = 10.0.40219.1
Project("{2150E333-8FDC-42A3-9474-1A3956D46DE8}") = "Task1", "Task1", "{3733FA60-BE88-42D9-836C-A5DD7DE5852B}"
EndProject
Project("{9A19103F-16F7-4668-BE54-9A1E7A4F7556}") = "Calculator.Task1", "Task1\Calculator.Task1.csproj", "{D1AE39CF-08F7-47EA-9B38-59ED1A41BB86}"
EndProject
Project("{9A19103F-16F7-4668-BE54-9A1E7A4F7556}") = "Calculator.Task1.Tests", "Task1.Tests\Calculator.Task1.Tests.csproj", "{8A328DB7-BC2B-4104-8813-47DCB6B9562D}"
EndProject
Project("{2150E333-8FDC-42A3-9474-1A3956D46DE8}") = "Task2", "Task2", "{45677993-3FC1-4ECD-9B1B-EA52B9478D19}"
EndProject
Project("{9A19103F-16F7-4668-BE54-9A1E7A4F7556}") = "Calculator.Task2", "Task2\Calculator.Task2.csproj", "{380BD5B2-AD65-46B3-8797-7D1A7671CF4C}"
EndProject
Project("{9A19103F-16F7-4668-BE54-9A1E7A4F7556}") = "Calculator.Task2.Tests", "Task2.Tests\Calculator.Task2.Tests.csproj", "{77A7C997-790F-4986-948D-28351C49415F}"
EndProject
Project("{2150E333-8FDC-42A3-9474-1A3956D46DE8}") = "Task3", "Task3", "{8308011D-7E01-41CE-89A1-C0A46CCD9308}"
EndProject
Project("{9A19103F-16F7-4668-BE54-9A1E7A4F7556}") = "Calculator.Task3", "Task3\Calculator.Task3.csproj", "{E9540ABC-4BD5-4B01-B8E5-C053A9FDB06A}"
EndProject
Project("{9A19103F-16F7-4668-BE54-9A1E7A4F7556}") = "Calculator.Task3.Tests", "Task3.Tests\Calculator.Task3.Tests.csproj", "{D1BA1BB4-55C7-435E-B407-1478CE8F49A9}"
EndProject
Project("{2150E333-8FDC-42A3-9474-1A3956D46DE8}") = "Task4", "Task4", "{AB022631-6007-4D93-A42D-B252A87A25B4}"
EndProject
Project("{9A19103F-16F7-4668-BE54-9A1E7A4F7556}") = "Calculator.Task4", "Task4\Calculator.Task4.csproj", "{44D9E43B-9CC6-450F-9754-56D47A339A25}"
EndProject
Project("{9A19103F-16F7-4668-BE54-9A1E7A4F7556}") = "Calculator.Task4.Tests", "Task4.Tests\Calculator.Task4.Tests.csproj", "{22C3CB02-244C-4184-82BD-4A9FEDC7A411}"
EndProject
Global
	GlobalSection(SolutionConfigurationPlatforms) = preSolution
		Debug|Any CPU = Debug|Any CPU
		Release|Any CPU = Release|Any CPU
	EndGlobalSection
	GlobalSection(ProjectConfigurationPlatforms) = postSolution
		{D1AE39CF-08F7-47EA-9B38-59ED1A41BB86}.Debug|Any CPU.ActiveCfg = Debug|Any CPU
		{D1AE39CF-08F7-47EA-9B38-59ED1A41BB86}.Debug|Any CPU.Build.0 = Debug|Any CPU
		{D1AE39CF-08F7-47EA-9B38-59ED1A41BB86}.Release|Any CPU.ActiveCfg = Release|Any CPU
		{D1AE39CF-08F7-47EA-9B38-59ED1A41BB86}.Release|Any CPU.Build.0 = Release|Any CPU
		{8A328DB7-BC2B-4104-8813-47DCB6B9562D}.Debug|Any CPU.ActiveCfg = Debug|Any CPU
		{8A328DB7-BC2B-4104-8813-47DCB6B9562D}.Debug|Any CPU.Build.0 = Debug|Any CPU
		{8A328DB7-BC2B-4104-8813-47DCB6B9562D}.Release|Any CPU.ActiveCfg = Release|Any CPU
		{8A328DB7-BC2B-4104-8813-47DCB6B9562D}.Release|Any CPU.Build.0 = Release|Any CPU
		{380BD5B2-AD65-46B3-8797-7D1A7671CF4C}.Debug|Any CPU.ActiveCfg = Debug|Any CPU
		{380BD5B2-AD65-46B3-8797-7D1A7671CF4C}.Debug|Any CPU.Build.0 = Debug|Any CPU
		{380BD5B2-AD65-46B3-8797-7D1A7671CF4C}.Release|Any CPU.ActiveCfg = Release|Any CPU
		{380BD5B2-AD65-46B3-8797-7D1A7671CF4C}.Release|Any CPU.Build.0 = Release|Any CPU
		{77A7C997-790F-4986-948D-28351C49415F}.Debug|Any CPU.ActiveCfg = Debug|Any CPU
		{77A7C997-790F-4986-948D-28351C49415F}.Debug|Any CPU.Build.0 = Debug|Any CPU
		{77A7C997-790F-4986-948D-28351C49415F}.Release|Any CPU.ActiveCfg = Release|Any CPU
		{77A7C997-790F-4986-948D-28351C49415F}.Release|Any CPU.Build.0 = Release|Any CPU
		{E9540ABC-4BD5-4B01-B8E5-C053A9FDB06A}.Debug|Any CPU.ActiveCfg = Debug|Any CPU
		{E9540ABC-4BD5-4B01-B8E5-C053A9FDB06A}.Debug|Any CPU.Build.0 = Debug|Any CPU
		{E9540ABC-4BD5-4B01-B8E5-C053A9FDB06A}.Release|Any CPU.ActiveCfg = Release|Any CPU
		{E9540ABC-4BD5-4B01-B8E5-C053A9FDB06A}.Release|Any CPU.Build.0 = Release|Any CPU
		{D1BA1BB4-55C7-435E-B407-1478CE8F49A9}.Debug|Any CPU.ActiveCfg = Debug|Any CPU
		{D1BA1BB4-55C7-435E-B407-1478CE8F49A9}.Debug|Any CPU.Build.0 = Debug|Any CPU
		{D1BA1BB4-55C7-435E-B407-1478CE8F49A9}.Release|Any CPU.ActiveCfg = Release|Any CPU
		{D1BA1BB4-55C7-435E-B407-1478CE8F49A9}.Release|Any CPU.Build.0 = Release|Any CPU
		{44D9E43B-9CC6-450F-9754-56D47A339A25}.Debug|Any CPU.ActiveCfg = Debug|Any CPU
		{44D9E43B-9CC6-450F-9754-56D47A339A25}.Debug|Any CPU.Build.0 = Debug|Any CPU
		{44D9E43B-9CC6-450F-9754-56D47A339A25}.Release|Any CPU.ActiveCfg = Release|Any CPU
		{44D9E43B-9CC6-450F-9754-56D47A339A25}.Release|Any CPU.Build.0 = Release|Any CPU
		{22C3CB02-244C-4184-82BD-4A9FEDC7A411}.Debug|Any CPU.ActiveCfg = Debug|Any CPU
		{22C3CB02-244C-4184-82BD-4A9FEDC7A411}.Debug|Any CPU.Build.0 = Debug|Any CPU
		{22C3CB02-244C-4184-82BD-4A9FEDC7A411}.Release|Any CPU.ActiveCfg = Release|Any CPU
		{22C3CB02-244C-4184-82BD-4A9FEDC7A411}.Release|Any CPU.Build.0 = Release|Any CPU
	EndGlobalSection
	GlobalSection(SolutionProperties) = preSolution
		HideSolutionNode = FALSE
	EndGlobalSection
	GlobalSection(NestedProjects) = preSolution
		{D1AE39CF-08F7-47EA-9B38-59ED1A41BB86} = {3733FA60-BE88-42D9-836C-A5DD7DE5852B}
		{8A328DB7-BC2B-4104-8813-47DCB6B9562D} = {3733FA60-BE88-42D9-836C-A5DD7DE5852B}
		{380BD5B2-AD65-46B3-8797-7D1A7671CF4C} = {45677993-3FC1-4ECD-9B1B-EA52B9478D19}
		{77A7C997-790F-4986-948D-28351C49415F} = {45677993-3FC1-4ECD-9B1B-EA52B9478D19}
		{E9540ABC-4BD5-4B01-B8E5-C053A9FDB06A} = {8308011D-7E01-41CE-89A1-C0A46CCD9308}
		{D1BA1BB4-55C7-435E-B407-1478CE8F49A9} = {8308011D-7E01-41CE-89A1-C0A46CCD9308}
		{44D9E43B-9CC6-450F-9754-56D47A339A25} = {AB022631-6007-4D93-A42D-B252A87A25B4}
		{22C3CB02-244C-4184-82BD-4A9FEDC7A411} = {AB022631-6007-4D93-A42D-B252A87A25B4}
	EndGlobalSection
	GlobalSection(ExtensibilityGlobals) = postSolution
		SolutionGuid = {7A026A5A-87F0-42DD-AD31-BCCED3356FE7}
	EndGlobalSection
EndGlobal
